// !$*UTF8*$!
{
	archiveVersion = 1;
	classes = {
	};
	objectVersion = 50;
	objects = {

/* Begin PBXBuildFile section */
		3C08DCF426B0599A00C5FECB /* SignUpViewController.swift in Sources */ = {isa = PBXBuildFile; fileRef = 3C08DCF326B0599A00C5FECB /* SignUpViewController.swift */; };
		3C2DA55426AF05BC00A2C734 /* AppDelegate.swift in Sources */ = {isa = PBXBuildFile; fileRef = 3C2DA55326AF05BC00A2C734 /* AppDelegate.swift */; };
		3C2DA55626AF05BC00A2C734 /* SceneDelegate.swift in Sources */ = {isa = PBXBuildFile; fileRef = 3C2DA55526AF05BC00A2C734 /* SceneDelegate.swift */; };
		3C2DA55826AF05BC00A2C734 /* StartUpViewController.swift in Sources */ = {isa = PBXBuildFile; fileRef = 3C2DA55726AF05BC00A2C734 /* StartUpViewController.swift */; };
		3C2DA55B26AF05BC00A2C734 /* Main.storyboard in Resources */ = {isa = PBXBuildFile; fileRef = 3C2DA55926AF05BC00A2C734 /* Main.storyboard */; };
		3C2DA55D26AF05BF00A2C734 /* Assets.xcassets in Resources */ = {isa = PBXBuildFile; fileRef = 3C2DA55C26AF05BF00A2C734 /* Assets.xcassets */; };
		3C2DA56026AF05BF00A2C734 /* LaunchScreen.storyboard in Resources */ = {isa = PBXBuildFile; fileRef = 3C2DA55E26AF05BF00A2C734 /* LaunchScreen.storyboard */; };
/* End PBXBuildFile section */

/* Begin PBXFileReference section */
		3C08DCF326B0599A00C5FECB /* SignUpViewController.swift */ = {isa = PBXFileReference; lastKnownFileType = sourcecode.swift; path = SignUpViewController.swift; sourceTree = "<group>"; };
		3C2DA55026AF05BC00A2C734 /* SnipProject.app */ = {isa = PBXFileReference; explicitFileType = wrapper.application; includeInIndex = 0; path = SnipProject.app; sourceTree = BUILT_PRODUCTS_DIR; };
		3C2DA55326AF05BC00A2C734 /* AppDelegate.swift */ = {isa = PBXFileReference; lastKnownFileType = sourcecode.swift; path = AppDelegate.swift; sourceTree = "<group>"; };
		3C2DA55526AF05BC00A2C734 /* SceneDelegate.swift */ = {isa = PBXFileReference; lastKnownFileType = sourcecode.swift; path = SceneDelegate.swift; sourceTree = "<group>"; };
		3C2DA55726AF05BC00A2C734 /* StartUpViewController.swift */ = {isa = PBXFileReference; lastKnownFileType = sourcecode.swift; path = StartUpViewController.swift; sourceTree = "<group>"; };
		3C2DA55A26AF05BC00A2C734 /* Base */ = {isa = PBXFileReference; lastKnownFileType = file.storyboard; name = Base; path = Base.lproj/Main.storyboard; sourceTree = "<group>"; };
		3C2DA55C26AF05BF00A2C734 /* Assets.xcassets */ = {isa = PBXFileReference; lastKnownFileType = folder.assetcatalog; path = Assets.xcassets; sourceTree = "<group>"; };
		3C2DA55F26AF05BF00A2C734 /* Base */ = {isa = PBXFileReference; lastKnownFileType = file.storyboard; name = Base; path = Base.lproj/LaunchScreen.storyboard; sourceTree = "<group>"; };
		3C2DA56126AF05BF00A2C734 /* Info.plist */ = {isa = PBXFileReference; lastKnownFileType = text.plist.xml; path = Info.plist; sourceTree = "<group>"; };
/* End PBXFileReference section */

/* Begin PBXFrameworksBuildPhase section */
		3C2DA54D26AF05BC00A2C734 /* Frameworks */ = {
			isa = PBXFrameworksBuildPhase;
			buildActionMask = 2147483647;
			files = (
			);
			runOnlyForDeploymentPostprocessing = 0;
		};
/* End PBXFrameworksBuildPhase section */

/* Begin PBXGroup section */
		3C08DCF226B058BE00C5FECB /* New Group */ = {
			isa = PBXGroup;
			children = (
			);
			path = "New Group";
			sourceTree = "<group>";
		};
		3C2DA54726AF05BC00A2C734 = {
			isa = PBXGroup;
			children = (
				3C2DA55226AF05BC00A2C734 /* SnipProject */,
				3C2DA55126AF05BC00A2C734 /* Products */,
			);
			sourceTree = "<group>";
		};
		3C2DA55126AF05BC00A2C734 /* Products */ = {
			isa = PBXGroup;
			children = (
				3C2DA55026AF05BC00A2C734 /* SnipProject.app */,
			);
			name = Products;
			sourceTree = "<group>";
		};
		3C2DA55226AF05BC00A2C734 /* SnipProject */ = {
			isa = PBXGroup;
			children = (
				3C08DCF226B058BE00C5FECB /* New Group */,
				3C2DA55326AF05BC00A2C734 /* AppDelegate.swift */,
				3C2DA55526AF05BC00A2C734 /* SceneDelegate.swift */,
				3C2DA55726AF05BC00A2C734 /* StartUpViewController.swift */,
				3C08DCF326B0599A00C5FECB /* SignUpViewController.swift */,
				3C2DA55926AF05BC00A2C734 /* Main.storyboard */,
				3C2DA55C26AF05BF00A2C734 /* Assets.xcassets */,
				3C2DA55E26AF05BF00A2C734 /* LaunchScreen.storyboard */,
				3C2DA56126AF05BF00A2C734 /* Info.plist */,
			);
			path = SnipProject;
			sourceTree = "<group>";
		};
/* End PBXGroup section */

/* Begin PBXNativeTarget section */
		3C2DA54F26AF05BC00A2C734 /* SnipProject */ = {
			isa = PBXNativeTarget;
			buildConfigurationList = 3C2DA56426AF05BF00A2C734 /* Build configuration list for PBXNativeTarget "SnipProject" */;
			buildPhases = (
				3C2DA54C26AF05BC00A2C734 /* Sources */,
				3C2DA54D26AF05BC00A2C734 /* Frameworks */,
				3C2DA54E26AF05BC00A2C734 /* Resources */,
			);
			buildRules = (
			);
			dependencies = (
			);
			name = SnipProject;
			productName = SnipProject;
			productReference = 3C2DA55026AF05BC00A2C734 /* SnipProject.app */;
			productType = "com.apple.product-type.application";
		};
/* End PBXNativeTarget section */

/* Begin PBXProject section */
		3C2DA54826AF05BC00A2C734 /* Project object */ = {
			isa = PBXProject;
			attributes = {
				LastSwiftUpdateCheck = 1250;
				LastUpgradeCheck = 1250;
				TargetAttributes = {
					3C2DA54F26AF05BC00A2C734 = {
						CreatedOnToolsVersion = 12.5.1;
					};
				};
			};
			buildConfigurationList = 3C2DA54B26AF05BC00A2C734 /* Build configuration list for PBXProject "SnipProject" */;
			compatibilityVersion = "Xcode 9.3";
			developmentRegion = en;
			hasScannedForEncodings = 0;
			knownRegions = (
				en,
				Base,
			);
			mainGroup = 3C2DA54726AF05BC00A2C734;
			productRefGroup = 3C2DA55126AF05BC00A2C734 /* Products */;
			projectDirPath = "";
			projectRoot = "";
			targets = (
				3C2DA54F26AF05BC00A2C734 /* SnipProject */,
			);
		};
/* End PBXProject section */

/* Begin PBXResourcesBuildPhase section */
		3C2DA54E26AF05BC00A2C734 /* Resources */ = {
			isa = PBXResourcesBuildPhase;
			buildActionMask = 2147483647;
			files = (
				3C2DA56026AF05BF00A2C734 /* LaunchScreen.storyboard in Resources */,
				3C2DA55D26AF05BF00A2C734 /* Assets.xcassets in Resources */,
				3C2DA55B26AF05BC00A2C734 /* Main.storyboard in Resources */,
			);
			runOnlyForDeploymentPostprocessing = 0;
		};
/* End PBXResourcesBuildPhase section */

/* Begin PBXSourcesBuildPhase section */
		3C2DA54C26AF05BC00A2C734 /* Sources */ = {
			isa = PBXSourcesBuildPhase;
			buildActionMask = 2147483647;
			files = (
				3C2DA55826AF05BC00A2C734 /* StartUpViewController.swift in Sources */,
				3C2DA55426AF05BC00A2C734 /* AppDelegate.swift in Sources */,
				3C08DCF426B0599A00C5FECB /* SignUpViewController.swift in Sources */,
				3C2DA55626AF05BC00A2C734 /* SceneDelegate.swift in Sources */,
			);
			runOnlyForDeploymentPostprocessing = 0;
		};
/* End PBXSourcesBuildPhase section */

/* Begin PBXVariantGroup section */
		3C2DA55926AF05BC00A2C734 /* Main.storyboard */ = {
			isa = PBXVariantGroup;
			children = (
				3C2DA55A26AF05BC00A2C734 /* Base */,
			);
			name = Main.storyboard;
			sourceTree = "<group>";
		};
		3C2DA55E26AF05BF00A2C734 /* LaunchScreen.storyboard */ = {
			isa = PBXVariantGroup;
			children = (
				3C2DA55F26AF05BF00A2C734 /* Base */,
			);
			name = LaunchScreen.storyboard;
			sourceTree = "<group>";
		};
/* End PBXVariantGroup section */

/* Begin XCBuildConfiguration section */
		3C2DA56226AF05BF00A2C734 /* Debug */ = {
			isa = XCBuildConfiguration;
			buildSettings = {
				ALWAYS_SEARCH_USER_PATHS = NO;
				CLANG_ANALYZER_NONNULL = YES;
				CLANG_ANALYZER_NUMBER_OBJECT_CONVERSION = YES_AGGRESSIVE;
				CLANG_CXX_LANGUAGE_STANDARD = "gnu++14";
				CLANG_CXX_LIBRARY = "libc++";
				CLANG_ENABLE_MODULES = YES;
				CLANG_ENABLE_OBJC_ARC = YES;
				CLANG_ENABLE_OBJC_WEAK = YES;
				CLANG_WARN_BLOCK_CAPTURE_AUTORELEASING = YES;
				CLANG_WARN_BOOL_CONVERSION = YES;
				CLANG_WARN_COMMA = YES;
				CLANG_WARN_CONSTANT_CONVERSION = YES;
				CLANG_WARN_DEPRECATED_OBJC_IMPLEMENTATIONS = YES;
				CLANG_WARN_DIRECT_OBJC_ISA_USAGE = YES_ERROR;
				CLANG_WARN_DOCUMENTATION_COMMENTS = YES;
				CLANG_WARN_EMPTY_BODY = YES;
				CLANG_WARN_ENUM_CONVERSION = YES;
				CLANG_WARN_INFINITE_RECURSION = YES;
				CLANG_WARN_INT_CONVERSION = YES;
				CLANG_WARN_NON_LITERAL_NULL_CONVERSION = YES;
				CLANG_WARN_OBJC_IMPLICIT_RETAIN_SELF = YES;
				CLANG_WARN_OBJC_LITERAL_CONVERSION = YES;
				CLANG_WARN_OBJC_ROOT_CLASS = YES_ERROR;
				CLANG_WARN_QUOTED_INCLUDE_IN_FRAMEWORK_HEADER = YES;
				CLANG_WARN_RANGE_LOOP_ANALYSIS = YES;
				CLANG_WARN_STRICT_PROTOTYPES = YES;
				CLANG_WARN_SUSPICIOUS_MOVE = YES;
				CLANG_WARN_UNGUARDED_AVAILABILITY = YES_AGGRESSIVE;
				CLANG_WARN_UNREACHABLE_CODE = YES;
				CLANG_WARN__DUPLICATE_METHOD_MATCH = YES;
				COPY_PHASE_STRIP = NO;
				DEBUG_INFORMATION_FORMAT = dwarf;
				ENABLE_STRICT_OBJC_MSGSEND = YES;
				ENABLE_TESTABILITY = YES;
				GCC_C_LANGUAGE_STANDARD = gnu11;
				GCC_DYNAMIC_NO_PIC = NO;
				GCC_NO_COMMON_BLOCKS = YES;
				GCC_OPTIMIZATION_LEVEL = 0;
				GCC_PREPROCESSOR_DEFINITIONS = (
					"DEBUG=1",
					"$(inherited)",
				);
				GCC_WARN_64_TO_32_BIT_CONVERSION = YES;
				GCC_WARN_ABOUT_RETURN_TYPE = YES_ERROR;
				GCC_WARN_UNDECLARED_SELECTOR = YES;
				GCC_WARN_UNINITIALIZED_AUTOS = YES_AGGRESSIVE;
				GCC_WARN_UNUSED_FUNCTION = YES;
				GCC_WARN_UNUSED_VARIABLE = YES;
				IPHONEOS_DEPLOYMENT_TARGET = 14.5;
				MTL_ENABLE_DEBUG_INFO = INCLUDE_SOURCE;
				MTL_FAST_MATH = YES;
				ONLY_ACTIVE_ARCH = YES;
				SDKROOT = iphoneos;
				SWIFT_ACTIVE_COMPILATION_CONDITIONS = DEBUG;
				SWIFT_OPTIMIZATION_LEVEL = "-Onone";
			};
			name = Debug;
		};
		3C2DA56326AF05BF00A2C734 /* Release */ = {
			isa = XCBuildConfiguration;
			buildSettings = {
				ALWAYS_SEARCH_USER_PATHS = NO;
				CLANG_ANALYZER_NONNULL = YES;
				CLANG_ANALYZER_NUMBER_OBJECT_CONVERSION = YES_AGGRESSIVE;
				CLANG_CXX_LANGUAGE_STANDARD = "gnu++14";
				CLANG_CXX_LIBRARY = "libc++";
				CLANG_ENABLE_MODULES = YES;
				CLANG_ENABLE_OBJC_ARC = YES;
				CLANG_ENABLE_OBJC_WEAK = YES;
				CLANG_WARN_BLOCK_CAPTURE_AUTORELEASING = YES;
				CLANG_WARN_BOOL_CONVERSION = YES;
				CLANG_WARN_COMMA = YES;
				CLANG_WARN_CONSTANT_CONVERSION = YES;
				CLANG_WARN_DEPRECATED_OBJC_IMPLEMENTATIONS = YES;
				CLANG_WARN_DIRECT_OBJC_ISA_USAGE = YES_ERROR;
				CLANG_WARN_DOCUMENTATION_COMMENTS = YES;
				CLANG_WARN_EMPTY_BODY = YES;
				CLANG_WARN_ENUM_CONVERSION = YES;
				CLANG_WARN_INFINITE_RECURSION = YES;
				CLANG_WARN_INT_CONVERSION = YES;
				CLANG_WARN_NON_LITERAL_NULL_CONVERSION = YES;
				CLANG_WARN_OBJC_IMPLICIT_RETAIN_SELF = YES;
				CLANG_WARN_OBJC_LITERAL_CONVERSION = YES;
				CLANG_WARN_OBJC_ROOT_CLASS = YES_ERROR;
				CLANG_WARN_QUOTED_INCLUDE_IN_FRAMEWORK_HEADER = YES;
				CLANG_WARN_RANGE_LOOP_ANALYSIS = YES;
				CLANG_WARN_STRICT_PROTOTYPES = YES;
				CLANG_WARN_SUSPICIOUS_MOVE = YES;
				CLANG_WARN_UNGUARDED_AVAILABILITY = YES_AGGRESSIVE;
				CLANG_WARN_UNREACHABLE_CODE = YES;
				CLANG_WARN__DUPLICATE_METHOD_MATCH = YES;
				COPY_PHASE_STRIP = NO;
				DEBUG_INFORMATION_FORMAT = "dwarf-with-dsym";
				ENABLE_NS_ASSERTIONS = NO;
				ENABLE_STRICT_OBJC_MSGSEND = YES;
				GCC_C_LANGUAGE_STANDARD = gnu11;
				GCC_NO_COMMON_BLOCKS = YES;
				GCC_WARN_64_TO_32_BIT_CONVERSION = YES;
				GCC_WARN_ABOUT_RETURN_TYPE = YES_ERROR;
				GCC_WARN_UNDECLARED_SELECTOR = YES;
				GCC_WARN_UNINITIALIZED_AUTOS = YES_AGGRESSIVE;
				GCC_WARN_UNUSED_FUNCTION = YES;
				GCC_WARN_UNUSED_VARIABLE = YES;
				IPHONEOS_DEPLOYMENT_TARGET = 14.5;
				MTL_ENABLE_DEBUG_INFO = NO;
				MTL_FAST_MATH = YES;
				SDKROOT = iphoneos;
				SWIFT_COMPILATION_MODE = wholemodule;
				SWIFT_OPTIMIZATION_LEVEL = "-O";
				VALIDATE_PRODUCT = YES;
			};
			name = Release;
		};
		3C2DA56526AF05BF00A2C734 /* Debug */ = {
			isa = XCBuildConfiguration;
			buildSettings = {
				ASSETCATALOG_COMPILER_APPICON_NAME = AppIcon;
				ASSETCATALOG_COMPILER_GLOBAL_ACCENT_COLOR_NAME = AccentColor;
				CODE_SIGN_STYLE = Automatic;
				INFOPLIST_FILE = SnipProject/Info.plist;
				LD_RUNPATH_SEARCH_PATHS = (
					"$(inherited)",
					"@executable_path/Frameworks",
				);
				PRODUCT_BUNDLE_IDENTIFIER = com.SamuelA.SnipProject;
				PRODUCT_NAME = "$(TARGET_NAME)";
				SWIFT_VERSION = 5.0;
				TARGETED_DEVICE_FAMILY = "1,2";
			};
			name = Debug;
		};
		3C2DA56626AF05BF00A2C734 /* Release */ = {
			isa = XCBuildConfiguration;
			buildSettings = {
				ASSETCATALOG_COMPILER_APPICON_NAME = AppIcon;
				ASSETCATALOG_COMPILER_GLOBAL_ACCENT_COLOR_NAME = AccentColor;
				CODE_SIGN_STYLE = Automatic;
				INFOPLIST_FILE = SnipProject/Info.plist;
				LD_RUNPATH_SEARCH_PATHS = (
					"$(inherited)",
					"@executable_path/Frameworks",
				);
				PRODUCT_BUNDLE_IDENTIFIER = com.SamuelA.SnipProject;
				PRODUCT_NAME = "$(TARGET_NAME)";
				SWIFT_VERSION = 5.0;
				TARGETED_DEVICE_FAMILY = "1,2";
			};
			name = Release;
		};
/* End XCBuildConfiguration section */

/* Begin XCConfigurationList section */
		3C2DA54B26AF05BC00A2C734 /* Build configuration list for PBXProject "SnipProject" */ = {
			isa = XCConfigurationList;
			buildConfigurations = (
				3C2DA56226AF05BF00A2C734 /* Debug */,
				3C2DA56326AF05BF00A2C734 /* Release */,
			);
			defaultConfigurationIsVisible = 0;
			defaultConfigurationName = Release;
		};
		3C2DA56426AF05BF00A2C734 /* Build configuration list for PBXNativeTarget "SnipProject" */ = {
			isa = XCConfigurationList;
			buildConfigurations = (
				3C2DA56526AF05BF00A2C734 /* Debug */,
				3C2DA56626AF05BF00A2C734 /* Release */,
			);
			defaultConfigurationIsVisible = 0;
			defaultConfigurationName = Release;
		};
/* End XCConfigurationList section */
	};
	rootObject = 3C2DA54826AF05BC00A2C734 /* Project object */;
}
