// !$*UTF8*$!
{
	archiveVersion = 1;
	classes = {
	};
	objectVersion = 52;
	objects = {

/* Begin PBXBuildFile section */
		3C08DCF426B0599A00C5FECB /* SignUpViewController.swift in Sources */ = {isa = PBXBuildFile; fileRef = 3C08DCF326B0599A00C5FECB /* SignUpViewController.swift */; };
		3C08DD3426B0A09100C5FECB /* SignInViewController.swift in Sources */ = {isa = PBXBuildFile; fileRef = 3C08DD3326B0A09100C5FECB /* SignInViewController.swift */; };
		3C08DD3A26B0A58E00C5FECB /* AgeGenderViewController.swift in Sources */ = {isa = PBXBuildFile; fileRef = 3C08DD3926B0A58E00C5FECB /* AgeGenderViewController.swift */; };
		3C08DD4226B1A5EE00C5FECB /* SnipProjectTests.swift in Sources */ = {isa = PBXBuildFile; fileRef = 3C08DD4126B1A5EE00C5FECB /* SnipProjectTests.swift */; };
		3C08DD4C26B1A92000C5FECB /* StartUpViewTests.swift in Sources */ = {isa = PBXBuildFile; fileRef = 3C08DD4B26B1A92000C5FECB /* StartUpViewTests.swift */; };
		3C08DD4E26B1BD2500C5FECB /* DIYViewController.swift in Sources */ = {isa = PBXBuildFile; fileRef = 3C08DD4D26B1BD2500C5FECB /* DIYViewController.swift */; };
		3C13B5D126BBB3FB008F44AB /* HomeTableViewCell.swift in Sources */ = {isa = PBXBuildFile; fileRef = 3C13B5CF26BBB3FB008F44AB /* HomeTableViewCell.swift */; };
		3C13B5D226BBB3FB008F44AB /* HomeTableViewCell.xib in Resources */ = {isa = PBXBuildFile; fileRef = 3C13B5D026BBB3FB008F44AB /* HomeTableViewCell.xib */; };
		3C13B5FB26BC41A8008F44AB /* GoogleService-Info.plist in Resources */ = {isa = PBXBuildFile; fileRef = 3C13B5FA26BC41A8008F44AB /* GoogleService-Info.plist */; };
		3C13B5FC26BC41A8008F44AB /* GoogleService-Info.plist in Resources */ = {isa = PBXBuildFile; fileRef = 3C13B5FA26BC41A8008F44AB /* GoogleService-Info.plist */; };
		3C13B5FD26BC41A8008F44AB /* GoogleService-Info.plist in Resources */ = {isa = PBXBuildFile; fileRef = 3C13B5FA26BC41A8008F44AB /* GoogleService-Info.plist */; };
		3C13B60F26BC88A2008F44AB /* FirebaseAnalytics in Frameworks */ = {isa = PBXBuildFile; productRef = 3C13B60E26BC88A2008F44AB /* FirebaseAnalytics */; };
		3C13B61126BC88A2008F44AB /* FirebaseAuth in Frameworks */ = {isa = PBXBuildFile; productRef = 3C13B61026BC88A2008F44AB /* FirebaseAuth */; };
		3C13B61326BC88A2008F44AB /* FirebaseFirestore in Frameworks */ = {isa = PBXBuildFile; productRef = 3C13B61226BC88A2008F44AB /* FirebaseFirestore */; };
		3C13B61526BC8FE6008F44AB /* Constants.swift in Sources */ = {isa = PBXBuildFile; fileRef = 3C13B61426BC8FE6008F44AB /* Constants.swift */; };
		3C2DA55426AF05BC00A2C734 /* AppDelegate.swift in Sources */ = {isa = PBXBuildFile; fileRef = 3C2DA55326AF05BC00A2C734 /* AppDelegate.swift */; };
		3C2DA55626AF05BC00A2C734 /* SceneDelegate.swift in Sources */ = {isa = PBXBuildFile; fileRef = 3C2DA55526AF05BC00A2C734 /* SceneDelegate.swift */; };
		3C2DA55826AF05BC00A2C734 /* StartUpViewController.swift in Sources */ = {isa = PBXBuildFile; fileRef = 3C2DA55726AF05BC00A2C734 /* StartUpViewController.swift */; };
		3C2DA55B26AF05BC00A2C734 /* Main.storyboard in Resources */ = {isa = PBXBuildFile; fileRef = 3C2DA55926AF05BC00A2C734 /* Main.storyboard */; };
		3C2DA55D26AF05BF00A2C734 /* Assets.xcassets in Resources */ = {isa = PBXBuildFile; fileRef = 3C2DA55C26AF05BF00A2C734 /* Assets.xcassets */; };
		3C2DA56026AF05BF00A2C734 /* LaunchScreen.storyboard in Resources */ = {isa = PBXBuildFile; fileRef = 3C2DA55E26AF05BF00A2C734 /* LaunchScreen.storyboard */; };
		3C3BC58426B9A39E005712E3 /* NotificationExtension.swift in Sources */ = {isa = PBXBuildFile; fileRef = 3C3BC58226B9A305005712E3 /* NotificationExtension.swift */; };
		3C3BC58626B9A849005712E3 /* NotificationSample.swift in Sources */ = {isa = PBXBuildFile; fileRef = 3C3BC58526B9A849005712E3 /* NotificationSample.swift */; };
		3C7107F426B48645003B71D4 /* ExperienceViewController.swift in Sources */ = {isa = PBXBuildFile; fileRef = 3C7107F326B48645003B71D4 /* ExperienceViewController.swift */; };
		3C7107F626B48652003B71D4 /* LoadingViewController.swift in Sources */ = {isa = PBXBuildFile; fileRef = 3C7107F526B48652003B71D4 /* LoadingViewController.swift */; };
		3C7107F926B495F8003B71D4 /* TabBarViewController.swift in Sources */ = {isa = PBXBuildFile; fileRef = 3C7107F826B495F8003B71D4 /* TabBarViewController.swift */; };
		3C7107FB26B4960B003B71D4 /* HomeViewController.swift in Sources */ = {isa = PBXBuildFile; fileRef = 3C7107FA26B4960B003B71D4 /* HomeViewController.swift */; };
		3C7107FD26B4962F003B71D4 /* ExploreViewController.swift in Sources */ = {isa = PBXBuildFile; fileRef = 3C7107FC26B4962F003B71D4 /* ExploreViewController.swift */; };
		3C7107FF26B4963E003B71D4 /* ShareViewController.swift in Sources */ = {isa = PBXBuildFile; fileRef = 3C7107FE26B4963E003B71D4 /* ShareViewController.swift */; };
		3C71080126B49A5F003B71D4 /* SavedViewController.swift in Sources */ = {isa = PBXBuildFile; fileRef = 3C71080026B49A5F003B71D4 /* SavedViewController.swift */; };
		3C71080326B49A6D003B71D4 /* ProfileViewController.swift in Sources */ = {isa = PBXBuildFile; fileRef = 3C71080226B49A6D003B71D4 /* ProfileViewController.swift */; };
		3C71080526B4A799003B71D4 /* VCExtension.swift in Sources */ = {isa = PBXBuildFile; fileRef = 3C71080426B4A799003B71D4 /* VCExtension.swift */; };
		3CE4E95626B83E9F00A63D69 /* icon.png in Resources */ = {isa = PBXBuildFile; fileRef = 3CE4E95526B83E9F00A63D69 /* icon.png */; };
		3CE4E97226B8803400A63D69 /* NotificationService.swift in Sources */ = {isa = PBXBuildFile; fileRef = 3CE4E97126B8803400A63D69 /* NotificationService.swift */; };
		3CE4E97626B8803400A63D69 /* Service.appex in Embed App Extensions */ = {isa = PBXBuildFile; fileRef = 3CE4E96F26B8803400A63D69 /* Service.appex */; settings = {ATTRIBUTES = (RemoveHeadersOnCopy, ); }; };
		3CE4E98126B8803F00A63D69 /* UserNotifications.framework in Frameworks */ = {isa = PBXBuildFile; fileRef = 3CE4E98026B8803F00A63D69 /* UserNotifications.framework */; };
		3CE4E98326B8803F00A63D69 /* UserNotificationsUI.framework in Frameworks */ = {isa = PBXBuildFile; fileRef = 3CE4E98226B8803F00A63D69 /* UserNotificationsUI.framework */; };
		3CE4E98626B8803F00A63D69 /* NotificationViewController.swift in Sources */ = {isa = PBXBuildFile; fileRef = 3CE4E98526B8803F00A63D69 /* NotificationViewController.swift */; };
		3CE4E98926B8803F00A63D69 /* MainInterface.storyboard in Resources */ = {isa = PBXBuildFile; fileRef = 3CE4E98726B8803F00A63D69 /* MainInterface.storyboard */; };
		3CE4E98D26B8803F00A63D69 /* Content.appex in Embed App Extensions */ = {isa = PBXBuildFile; fileRef = 3CE4E97E26B8803F00A63D69 /* Content.appex */; settings = {ATTRIBUTES = (RemoveHeadersOnCopy, ); }; };
/* End PBXBuildFile section */

/* Begin PBXContainerItemProxy section */
		3C08DD4426B1A5EE00C5FECB /* PBXContainerItemProxy */ = {
			isa = PBXContainerItemProxy;
			containerPortal = 3C2DA54826AF05BC00A2C734 /* Project object */;
			proxyType = 1;
			remoteGlobalIDString = 3C2DA54F26AF05BC00A2C734;
			remoteInfo = SnipProject;
		};
		3CE4E97426B8803400A63D69 /* PBXContainerItemProxy */ = {
			isa = PBXContainerItemProxy;
			containerPortal = 3C2DA54826AF05BC00A2C734 /* Project object */;
			proxyType = 1;
			remoteGlobalIDString = 3CE4E96E26B8803400A63D69;
			remoteInfo = Service;
		};
		3CE4E98B26B8803F00A63D69 /* PBXContainerItemProxy */ = {
			isa = PBXContainerItemProxy;
			containerPortal = 3C2DA54826AF05BC00A2C734 /* Project object */;
			proxyType = 1;
			remoteGlobalIDString = 3CE4E97D26B8803F00A63D69;
			remoteInfo = Content;
		};
/* End PBXContainerItemProxy section */

/* Begin PBXCopyFilesBuildPhase section */
		3CE4E96726B8800300A63D69 /* Embed App Extensions */ = {
			isa = PBXCopyFilesBuildPhase;
			buildActionMask = 2147483647;
			dstPath = "";
			dstSubfolderSpec = 13;
			files = (
				3CE4E98D26B8803F00A63D69 /* Content.appex in Embed App Extensions */,
				3CE4E97626B8803400A63D69 /* Service.appex in Embed App Extensions */,
			);
			name = "Embed App Extensions";
			runOnlyForDeploymentPostprocessing = 0;
		};
/* End PBXCopyFilesBuildPhase section */

/* Begin PBXFileReference section */
		3C08DCF326B0599A00C5FECB /* SignUpViewController.swift */ = {isa = PBXFileReference; lastKnownFileType = sourcecode.swift; path = SignUpViewController.swift; sourceTree = "<group>"; };
		3C08DD3326B0A09100C5FECB /* SignInViewController.swift */ = {isa = PBXFileReference; lastKnownFileType = sourcecode.swift; path = SignInViewController.swift; sourceTree = "<group>"; };
		3C08DD3926B0A58E00C5FECB /* AgeGenderViewController.swift */ = {isa = PBXFileReference; lastKnownFileType = sourcecode.swift; path = AgeGenderViewController.swift; sourceTree = "<group>"; };
		3C08DD3F26B1A5EE00C5FECB /* SnipProjectTests.xctest */ = {isa = PBXFileReference; explicitFileType = wrapper.cfbundle; includeInIndex = 0; path = SnipProjectTests.xctest; sourceTree = BUILT_PRODUCTS_DIR; };
		3C08DD4126B1A5EE00C5FECB /* SnipProjectTests.swift */ = {isa = PBXFileReference; lastKnownFileType = sourcecode.swift; path = SnipProjectTests.swift; sourceTree = "<group>"; };
		3C08DD4326B1A5EE00C5FECB /* Info.plist */ = {isa = PBXFileReference; lastKnownFileType = text.plist.xml; path = Info.plist; sourceTree = "<group>"; };
		3C08DD4B26B1A92000C5FECB /* StartUpViewTests.swift */ = {isa = PBXFileReference; lastKnownFileType = sourcecode.swift; path = StartUpViewTests.swift; sourceTree = "<group>"; };
		3C08DD4D26B1BD2500C5FECB /* DIYViewController.swift */ = {isa = PBXFileReference; lastKnownFileType = sourcecode.swift; path = DIYViewController.swift; sourceTree = "<group>"; };
		3C13B5CF26BBB3FB008F44AB /* HomeTableViewCell.swift */ = {isa = PBXFileReference; lastKnownFileType = sourcecode.swift; path = HomeTableViewCell.swift; sourceTree = "<group>"; };
		3C13B5D026BBB3FB008F44AB /* HomeTableViewCell.xib */ = {isa = PBXFileReference; lastKnownFileType = file.xib; path = HomeTableViewCell.xib; sourceTree = "<group>"; };
		3C13B5FA26BC41A8008F44AB /* GoogleService-Info.plist */ = {isa = PBXFileReference; fileEncoding = 4; lastKnownFileType = text.plist.xml; name = "GoogleService-Info.plist"; path = "../../../../Users/King/Downloads/GoogleService-Info.plist"; sourceTree = "<group>"; };
		3C13B61426BC8FE6008F44AB /* Constants.swift */ = {isa = PBXFileReference; lastKnownFileType = sourcecode.swift; path = Constants.swift; sourceTree = "<group>"; };
		3C2DA55026AF05BC00A2C734 /* SnipProject.app */ = {isa = PBXFileReference; explicitFileType = wrapper.application; includeInIndex = 0; path = SnipProject.app; sourceTree = BUILT_PRODUCTS_DIR; };
		3C2DA55326AF05BC00A2C734 /* AppDelegate.swift */ = {isa = PBXFileReference; lastKnownFileType = sourcecode.swift; path = AppDelegate.swift; sourceTree = "<group>"; };
		3C2DA55526AF05BC00A2C734 /* SceneDelegate.swift */ = {isa = PBXFileReference; lastKnownFileType = sourcecode.swift; path = SceneDelegate.swift; sourceTree = "<group>"; };
		3C2DA55726AF05BC00A2C734 /* StartUpViewController.swift */ = {isa = PBXFileReference; lastKnownFileType = sourcecode.swift; path = StartUpViewController.swift; sourceTree = "<group>"; };
		3C2DA55A26AF05BC00A2C734 /* Base */ = {isa = PBXFileReference; lastKnownFileType = file.storyboard; name = Base; path = Base.lproj/Main.storyboard; sourceTree = "<group>"; };
		3C2DA55C26AF05BF00A2C734 /* Assets.xcassets */ = {isa = PBXFileReference; lastKnownFileType = folder.assetcatalog; path = Assets.xcassets; sourceTree = "<group>"; };
		3C2DA55F26AF05BF00A2C734 /* Base */ = {isa = PBXFileReference; lastKnownFileType = file.storyboard; name = Base; path = Base.lproj/LaunchScreen.storyboard; sourceTree = "<group>"; };
		3C2DA56126AF05BF00A2C734 /* Info.plist */ = {isa = PBXFileReference; lastKnownFileType = text.plist.xml; path = Info.plist; sourceTree = "<group>"; };
		3C3BC58226B9A305005712E3 /* NotificationExtension.swift */ = {isa = PBXFileReference; lastKnownFileType = sourcecode.swift; path = NotificationExtension.swift; sourceTree = "<group>"; };
		3C3BC58526B9A849005712E3 /* NotificationSample.swift */ = {isa = PBXFileReference; lastKnownFileType = sourcecode.swift; path = NotificationSample.swift; sourceTree = "<group>"; };
		3C7107F326B48645003B71D4 /* ExperienceViewController.swift */ = {isa = PBXFileReference; lastKnownFileType = sourcecode.swift; path = ExperienceViewController.swift; sourceTree = "<group>"; };
		3C7107F526B48652003B71D4 /* LoadingViewController.swift */ = {isa = PBXFileReference; lastKnownFileType = sourcecode.swift; path = LoadingViewController.swift; sourceTree = "<group>"; };
		3C7107F826B495F8003B71D4 /* TabBarViewController.swift */ = {isa = PBXFileReference; lastKnownFileType = sourcecode.swift; path = TabBarViewController.swift; sourceTree = "<group>"; };
		3C7107FA26B4960B003B71D4 /* HomeViewController.swift */ = {isa = PBXFileReference; lastKnownFileType = sourcecode.swift; path = HomeViewController.swift; sourceTree = "<group>"; };
		3C7107FC26B4962F003B71D4 /* ExploreViewController.swift */ = {isa = PBXFileReference; lastKnownFileType = sourcecode.swift; path = ExploreViewController.swift; sourceTree = "<group>"; };
		3C7107FE26B4963E003B71D4 /* ShareViewController.swift */ = {isa = PBXFileReference; lastKnownFileType = sourcecode.swift; path = ShareViewController.swift; sourceTree = "<group>"; };
		3C71080026B49A5F003B71D4 /* SavedViewController.swift */ = {isa = PBXFileReference; lastKnownFileType = sourcecode.swift; path = SavedViewController.swift; sourceTree = "<group>"; };
		3C71080226B49A6D003B71D4 /* ProfileViewController.swift */ = {isa = PBXFileReference; lastKnownFileType = sourcecode.swift; path = ProfileViewController.swift; sourceTree = "<group>"; };
		3C71080426B4A799003B71D4 /* VCExtension.swift */ = {isa = PBXFileReference; lastKnownFileType = sourcecode.swift; path = VCExtension.swift; sourceTree = "<group>"; };
		3CC4C9E826B31B7D00578E23 /* SnipProject.entitlements */ = {isa = PBXFileReference; lastKnownFileType = text.plist.entitlements; path = SnipProject.entitlements; sourceTree = "<group>"; };
		3CE4E95526B83E9F00A63D69 /* icon.png */ = {isa = PBXFileReference; lastKnownFileType = image.png; name = icon.png; path = ../../../../Users/King/Desktop/icon.png; sourceTree = "<group>"; };
		3CE4E95826B83F8700A63D69 /* icon.png */ = {isa = PBXFileReference; lastKnownFileType = image.png; path = icon.png; sourceTree = "<group>"; };
		3CE4E96F26B8803400A63D69 /* Service.appex */ = {isa = PBXFileReference; explicitFileType = "wrapper.app-extension"; includeInIndex = 0; path = Service.appex; sourceTree = BUILT_PRODUCTS_DIR; };
		3CE4E97126B8803400A63D69 /* NotificationService.swift */ = {isa = PBXFileReference; lastKnownFileType = sourcecode.swift; path = NotificationService.swift; sourceTree = "<group>"; };
		3CE4E97326B8803400A63D69 /* Info.plist */ = {isa = PBXFileReference; lastKnownFileType = text.plist.xml; path = Info.plist; sourceTree = "<group>"; };
		3CE4E97E26B8803F00A63D69 /* Content.appex */ = {isa = PBXFileReference; explicitFileType = "wrapper.app-extension"; includeInIndex = 0; path = Content.appex; sourceTree = BUILT_PRODUCTS_DIR; };
		3CE4E98026B8803F00A63D69 /* UserNotifications.framework */ = {isa = PBXFileReference; lastKnownFileType = wrapper.framework; name = UserNotifications.framework; path = System/Library/Frameworks/UserNotifications.framework; sourceTree = SDKROOT; };
		3CE4E98226B8803F00A63D69 /* UserNotificationsUI.framework */ = {isa = PBXFileReference; lastKnownFileType = wrapper.framework; name = UserNotificationsUI.framework; path = System/Library/Frameworks/UserNotificationsUI.framework; sourceTree = SDKROOT; };
		3CE4E98526B8803F00A63D69 /* NotificationViewController.swift */ = {isa = PBXFileReference; lastKnownFileType = sourcecode.swift; path = NotificationViewController.swift; sourceTree = "<group>"; };
		3CE4E98826B8803F00A63D69 /* Base */ = {isa = PBXFileReference; lastKnownFileType = file.storyboard; name = Base; path = Base.lproj/MainInterface.storyboard; sourceTree = "<group>"; };
		3CE4E98A26B8803F00A63D69 /* Info.plist */ = {isa = PBXFileReference; lastKnownFileType = text.plist.xml; path = Info.plist; sourceTree = "<group>"; };
/* End PBXFileReference section */

/* Begin PBXFrameworksBuildPhase section */
		3C08DD3C26B1A5EE00C5FECB /* Frameworks */ = {
			isa = PBXFrameworksBuildPhase;
			buildActionMask = 2147483647;
			files = (
			);
			runOnlyForDeploymentPostprocessing = 0;
		};
		3C2DA54D26AF05BC00A2C734 /* Frameworks */ = {
			isa = PBXFrameworksBuildPhase;
			buildActionMask = 2147483647;
			files = (
				3C13B60F26BC88A2008F44AB /* FirebaseAnalytics in Frameworks */,
				3C13B61126BC88A2008F44AB /* FirebaseAuth in Frameworks */,
				3C13B61326BC88A2008F44AB /* FirebaseFirestore in Frameworks */,
			);
			runOnlyForDeploymentPostprocessing = 0;
		};
		3CE4E96C26B8803400A63D69 /* Frameworks */ = {
			isa = PBXFrameworksBuildPhase;
			buildActionMask = 2147483647;
			files = (
			);
			runOnlyForDeploymentPostprocessing = 0;
		};
		3CE4E97B26B8803F00A63D69 /* Frameworks */ = {
			isa = PBXFrameworksBuildPhase;
			buildActionMask = 2147483647;
			files = (
				3CE4E98326B8803F00A63D69 /* UserNotificationsUI.framework in Frameworks */,
				3CE4E98126B8803F00A63D69 /* UserNotifications.framework in Frameworks */,
			);
			runOnlyForDeploymentPostprocessing = 0;
		};
/* End PBXFrameworksBuildPhase section */

/* Begin PBXGroup section */
		3C08DCF226B058BE00C5FECB /* Controllers */ = {
			isa = PBXGroup;
			children = (
				3C7107F726B495DF003B71D4 /* TabBar */,
				3C2DA55726AF05BC00A2C734 /* StartUpViewController.swift */,
				3C08DCF326B0599A00C5FECB /* SignUpViewController.swift */,
				3C08DD3326B0A09100C5FECB /* SignInViewController.swift */,
				3C08DD3926B0A58E00C5FECB /* AgeGenderViewController.swift */,
				3C08DD4D26B1BD2500C5FECB /* DIYViewController.swift */,
				3C7107F326B48645003B71D4 /* ExperienceViewController.swift */,
				3C7107F526B48652003B71D4 /* LoadingViewController.swift */,
			);
			path = Controllers;
			sourceTree = "<group>";
		};
		3C08DD3526B0A35900C5FECB /* View */ = {
			isa = PBXGroup;
			children = (
				3C08DD3726B0A38C00C5FECB /* Custom */,
				3C08DD3626B0A36100C5FECB /* Storyboard */,
			);
			path = View;
			sourceTree = "<group>";
		};
		3C08DD3626B0A36100C5FECB /* Storyboard */ = {
			isa = PBXGroup;
			children = (
				3C2DA55926AF05BC00A2C734 /* Main.storyboard */,
				3C2DA55E26AF05BF00A2C734 /* LaunchScreen.storyboard */,
			);
			path = Storyboard;
			sourceTree = "<group>";
		};
		3C08DD3726B0A38C00C5FECB /* Custom */ = {
			isa = PBXGroup;
			children = (
				3C13B5CF26BBB3FB008F44AB /* HomeTableViewCell.swift */,
				3C13B5D026BBB3FB008F44AB /* HomeTableViewCell.xib */,
			);
			path = Custom;
			sourceTree = "<group>";
		};
		3C08DD4026B1A5EE00C5FECB /* SnipProjectTests */ = {
			isa = PBXGroup;
			children = (
				3C08DD4126B1A5EE00C5FECB /* SnipProjectTests.swift */,
				3C08DD4326B1A5EE00C5FECB /* Info.plist */,
				3C08DD4B26B1A92000C5FECB /* StartUpViewTests.swift */,
			);
			path = SnipProjectTests;
			sourceTree = "<group>";
		};
		3C2DA54726AF05BC00A2C734 = {
			isa = PBXGroup;
			children = (
				3C2DA55226AF05BC00A2C734 /* SnipProject */,
				3C08DD4026B1A5EE00C5FECB /* SnipProjectTests */,
				3CE4E97026B8803400A63D69 /* Service */,
				3CE4E98426B8803F00A63D69 /* Content */,
				3CE4E97F26B8803F00A63D69 /* Frameworks */,
				3C2DA55126AF05BC00A2C734 /* Products */,
			);
			sourceTree = "<group>";
		};
		3C2DA55126AF05BC00A2C734 /* Products */ = {
			isa = PBXGroup;
			children = (
				3C2DA55026AF05BC00A2C734 /* SnipProject.app */,
				3C08DD3F26B1A5EE00C5FECB /* SnipProjectTests.xctest */,
				3CE4E96F26B8803400A63D69 /* Service.appex */,
				3CE4E97E26B8803F00A63D69 /* Content.appex */,
			);
			name = Products;
			sourceTree = "<group>";
		};
		3C2DA55226AF05BC00A2C734 /* SnipProject */ = {
			isa = PBXGroup;
			children = (
				3CC4C9E826B31B7D00578E23 /* SnipProject.entitlements */,
				3C08DD3526B0A35900C5FECB /* View */,
				3C08DCF226B058BE00C5FECB /* Controllers */,
				3C71080626B4A995003B71D4 /* Extensions */,
				3C2DA55326AF05BC00A2C734 /* AppDelegate.swift */,
				3C2DA55526AF05BC00A2C734 /* SceneDelegate.swift */,
				3C2DA55C26AF05BF00A2C734 /* Assets.xcassets */,
				3C2DA56126AF05BF00A2C734 /* Info.plist */,
				3C13B5FA26BC41A8008F44AB /* GoogleService-Info.plist */,
				3CE4E95526B83E9F00A63D69 /* icon.png */,
				3CE4E95726B83F8400A63D69 /* Icon */,
				3C3BC58526B9A849005712E3 /* NotificationSample.swift */,
			);
			path = SnipProject;
			sourceTree = "<group>";
		};
		3C7107F726B495DF003B71D4 /* TabBar */ = {
			isa = PBXGroup;
			children = (
				3C7107F826B495F8003B71D4 /* TabBarViewController.swift */,
				3C7107FA26B4960B003B71D4 /* HomeViewController.swift */,
				3C7107FC26B4962F003B71D4 /* ExploreViewController.swift */,
				3C7107FE26B4963E003B71D4 /* ShareViewController.swift */,
				3C71080026B49A5F003B71D4 /* SavedViewController.swift */,
				3C71080226B49A6D003B71D4 /* ProfileViewController.swift */,
			);
			path = TabBar;
			sourceTree = "<group>";
		};
		3C71080626B4A995003B71D4 /* Extensions */ = {
			isa = PBXGroup;
			children = (
				3C71080426B4A799003B71D4 /* VCExtension.swift */,
				3C13B61426BC8FE6008F44AB /* Constants.swift */,
			);
			path = Extensions;
			sourceTree = "<group>";
		};
		3CE4E95726B83F8400A63D69 /* Icon */ = {
			isa = PBXGroup;
			children = (
				3CE4E95826B83F8700A63D69 /* icon.png */,
			);
			path = Icon;
			sourceTree = "<group>";
		};
		3CE4E97026B8803400A63D69 /* Service */ = {
			isa = PBXGroup;
			children = (
				3CE4E97126B8803400A63D69 /* NotificationService.swift */,
				3CE4E97326B8803400A63D69 /* Info.plist */,
				3C3BC58226B9A305005712E3 /* NotificationExtension.swift */,
			);
			path = Service;
			sourceTree = "<group>";
		};
		3CE4E97F26B8803F00A63D69 /* Frameworks */ = {
			isa = PBXGroup;
			children = (
				3CE4E98026B8803F00A63D69 /* UserNotifications.framework */,
				3CE4E98226B8803F00A63D69 /* UserNotificationsUI.framework */,
			);
			name = Frameworks;
			sourceTree = "<group>";
		};
		3CE4E98426B8803F00A63D69 /* Content */ = {
			isa = PBXGroup;
			children = (
				3CE4E98526B8803F00A63D69 /* NotificationViewController.swift */,
				3CE4E98726B8803F00A63D69 /* MainInterface.storyboard */,
				3CE4E98A26B8803F00A63D69 /* Info.plist */,
			);
			path = Content;
			sourceTree = "<group>";
		};
/* End PBXGroup section */

/* Begin PBXNativeTarget section */
		3C08DD3E26B1A5EE00C5FECB /* SnipProjectTests */ = {
			isa = PBXNativeTarget;
			buildConfigurationList = 3C08DD4626B1A5EE00C5FECB /* Build configuration list for PBXNativeTarget "SnipProjectTests" */;
			buildPhases = (
				3C08DD3B26B1A5EE00C5FECB /* Sources */,
				3C08DD3C26B1A5EE00C5FECB /* Frameworks */,
				3C08DD3D26B1A5EE00C5FECB /* Resources */,
			);
			buildRules = (
			);
			dependencies = (
				3C08DD4526B1A5EE00C5FECB /* PBXTargetDependency */,
			);
			name = SnipProjectTests;
			productName = SnipProjectTests;
			productReference = 3C08DD3F26B1A5EE00C5FECB /* SnipProjectTests.xctest */;
			productType = "com.apple.product-type.bundle.unit-test";
		};
		3C2DA54F26AF05BC00A2C734 /* SnipProject */ = {
			isa = PBXNativeTarget;
			buildConfigurationList = 3C2DA56426AF05BF00A2C734 /* Build configuration list for PBXNativeTarget "SnipProject" */;
			buildPhases = (
				3C2DA54C26AF05BC00A2C734 /* Sources */,
				3C2DA54D26AF05BC00A2C734 /* Frameworks */,
				3C2DA54E26AF05BC00A2C734 /* Resources */,
				3CE4E96726B8800300A63D69 /* Embed App Extensions */,
			);
			buildRules = (
			);
			dependencies = (
				3CE4E97526B8803400A63D69 /* PBXTargetDependency */,
				3CE4E98C26B8803F00A63D69 /* PBXTargetDependency */,
			);
			name = SnipProject;
			packageProductDependencies = (
				3C13B60E26BC88A2008F44AB /* FirebaseAnalytics */,
				3C13B61026BC88A2008F44AB /* FirebaseAuth */,
				3C13B61226BC88A2008F44AB /* FirebaseFirestore */,
			);
			productName = SnipProject;
			productReference = 3C2DA55026AF05BC00A2C734 /* SnipProject.app */;
			productType = "com.apple.product-type.application";
		};
		3CE4E96E26B8803400A63D69 /* Service */ = {
			isa = PBXNativeTarget;
			buildConfigurationList = 3CE4E97726B8803400A63D69 /* Build configuration list for PBXNativeTarget "Service" */;
			buildPhases = (
				3CE4E96B26B8803400A63D69 /* Sources */,
				3CE4E96C26B8803400A63D69 /* Frameworks */,
				3CE4E96D26B8803400A63D69 /* Resources */,
			);
			buildRules = (
			);
			dependencies = (
			);
			name = Service;
			productName = Service;
			productReference = 3CE4E96F26B8803400A63D69 /* Service.appex */;
			productType = "com.apple.product-type.app-extension";
		};
		3CE4E97D26B8803F00A63D69 /* Content */ = {
			isa = PBXNativeTarget;
			buildConfigurationList = 3CE4E98E26B8803F00A63D69 /* Build configuration list for PBXNativeTarget "Content" */;
			buildPhases = (
				3CE4E97A26B8803F00A63D69 /* Sources */,
				3CE4E97B26B8803F00A63D69 /* Frameworks */,
				3CE4E97C26B8803F00A63D69 /* Resources */,
			);
			buildRules = (
			);
			dependencies = (
			);
			name = Content;
			productName = Content;
			productReference = 3CE4E97E26B8803F00A63D69 /* Content.appex */;
			productType = "com.apple.product-type.app-extension";
		};
/* End PBXNativeTarget section */

/* Begin PBXProject section */
		3C2DA54826AF05BC00A2C734 /* Project object */ = {
			isa = PBXProject;
			attributes = {
				LastSwiftUpdateCheck = 1250;
				LastUpgradeCheck = 1250;
				TargetAttributes = {
					3C08DD3E26B1A5EE00C5FECB = {
						CreatedOnToolsVersion = 12.5.1;
						TestTargetID = 3C2DA54F26AF05BC00A2C734;
					};
					3C2DA54F26AF05BC00A2C734 = {
						CreatedOnToolsVersion = 12.5.1;
					};
					3CE4E96E26B8803400A63D69 = {
						CreatedOnToolsVersion = 12.5.1;
					};
					3CE4E97D26B8803F00A63D69 = {
						CreatedOnToolsVersion = 12.5.1;
					};
				};
			};
			buildConfigurationList = 3C2DA54B26AF05BC00A2C734 /* Build configuration list for PBXProject "SnipProject" */;
			compatibilityVersion = "Xcode 9.3";
			developmentRegion = en;
			hasScannedForEncodings = 0;
			knownRegions = (
				en,
				Base,
			);
			mainGroup = 3C2DA54726AF05BC00A2C734;
			packageReferences = (
				3C13B60D26BC88A2008F44AB /* XCRemoteSwiftPackageReference "firebase-ios-sdk" */,
			);
			productRefGroup = 3C2DA55126AF05BC00A2C734 /* Products */;
			projectDirPath = "";
			projectRoot = "";
			targets = (
				3C2DA54F26AF05BC00A2C734 /* SnipProject */,
				3C08DD3E26B1A5EE00C5FECB /* SnipProjectTests */,
				3CE4E96E26B8803400A63D69 /* Service */,
				3CE4E97D26B8803F00A63D69 /* Content */,
			);
		};
/* End PBXProject section */

/* Begin PBXResourcesBuildPhase section */
		3C08DD3D26B1A5EE00C5FECB /* Resources */ = {
			isa = PBXResourcesBuildPhase;
			buildActionMask = 2147483647;
			files = (
			);
			runOnlyForDeploymentPostprocessing = 0;
		};
		3C2DA54E26AF05BC00A2C734 /* Resources */ = {
			isa = PBXResourcesBuildPhase;
			buildActionMask = 2147483647;
			files = (
				3C2DA56026AF05BF00A2C734 /* LaunchScreen.storyboard in Resources */,
				3C2DA55D26AF05BF00A2C734 /* Assets.xcassets in Resources */,
				3C13B5FB26BC41A8008F44AB /* GoogleService-Info.plist in Resources */,
				3C2DA55B26AF05BC00A2C734 /* Main.storyboard in Resources */,
				3C13B5D226BBB3FB008F44AB /* HomeTableViewCell.xib in Resources */,
				3CE4E95626B83E9F00A63D69 /* icon.png in Resources */,
			);
			runOnlyForDeploymentPostprocessing = 0;
		};
		3CE4E96D26B8803400A63D69 /* Resources */ = {
			isa = PBXResourcesBuildPhase;
			buildActionMask = 2147483647;
			files = (
				3C13B5FC26BC41A8008F44AB /* GoogleService-Info.plist in Resources */,
			);
			runOnlyForDeploymentPostprocessing = 0;
		};
		3CE4E97C26B8803F00A63D69 /* Resources */ = {
			isa = PBXResourcesBuildPhase;
			buildActionMask = 2147483647;
			files = (
				3C13B5FD26BC41A8008F44AB /* GoogleService-Info.plist in Resources */,
				3CE4E98926B8803F00A63D69 /* MainInterface.storyboard in Resources */,
			);
			runOnlyForDeploymentPostprocessing = 0;
		};
/* End PBXResourcesBuildPhase section */

/* Begin PBXSourcesBuildPhase section */
		3C08DD3B26B1A5EE00C5FECB /* Sources */ = {
			isa = PBXSourcesBuildPhase;
			buildActionMask = 2147483647;
			files = (
				3C08DD4C26B1A92000C5FECB /* StartUpViewTests.swift in Sources */,
				3C08DD4226B1A5EE00C5FECB /* SnipProjectTests.swift in Sources */,
			);
			runOnlyForDeploymentPostprocessing = 0;
		};
		3C2DA54C26AF05BC00A2C734 /* Sources */ = {
			isa = PBXSourcesBuildPhase;
			buildActionMask = 2147483647;
			files = (
				3C7107F426B48645003B71D4 /* ExperienceViewController.swift in Sources */,
				3C13B61526BC8FE6008F44AB /* Constants.swift in Sources */,
				3C2DA55826AF05BC00A2C734 /* StartUpViewController.swift in Sources */,
				3C71080526B4A799003B71D4 /* VCExtension.swift in Sources */,
				3C71080126B49A5F003B71D4 /* SavedViewController.swift in Sources */,
				3C2DA55426AF05BC00A2C734 /* AppDelegate.swift in Sources */,
				3C08DCF426B0599A00C5FECB /* SignUpViewController.swift in Sources */,
				3C13B5D126BBB3FB008F44AB /* HomeTableViewCell.swift in Sources */,
				3C7107FF26B4963E003B71D4 /* ShareViewController.swift in Sources */,
				3C08DD4E26B1BD2500C5FECB /* DIYViewController.swift in Sources */,
				3C7107F626B48652003B71D4 /* LoadingViewController.swift in Sources */,
				3C08DD3426B0A09100C5FECB /* SignInViewController.swift in Sources */,
				3C3BC58626B9A849005712E3 /* NotificationSample.swift in Sources */,
				3C7107FB26B4960B003B71D4 /* HomeViewController.swift in Sources */,
				3C7107FD26B4962F003B71D4 /* ExploreViewController.swift in Sources */,
				3C2DA55626AF05BC00A2C734 /* SceneDelegate.swift in Sources */,
				3C71080326B49A6D003B71D4 /* ProfileViewController.swift in Sources */,
				3C7107F926B495F8003B71D4 /* TabBarViewController.swift in Sources */,
				3C08DD3A26B0A58E00C5FECB /* AgeGenderViewController.swift in Sources */,
			);
			runOnlyForDeploymentPostprocessing = 0;
		};
		3CE4E96B26B8803400A63D69 /* Sources */ = {
			isa = PBXSourcesBuildPhase;
			buildActionMask = 2147483647;
			files = (
				3C3BC58426B9A39E005712E3 /* NotificationExtension.swift in Sources */,
				3CE4E97226B8803400A63D69 /* NotificationService.swift in Sources */,
			);
			runOnlyForDeploymentPostprocessing = 0;
		};
		3CE4E97A26B8803F00A63D69 /* Sources */ = {
			isa = PBXSourcesBuildPhase;
			buildActionMask = 2147483647;
			files = (
				3CE4E98626B8803F00A63D69 /* NotificationViewController.swift in Sources */,
			);
			runOnlyForDeploymentPostprocessing = 0;
		};
/* End PBXSourcesBuildPhase section */

/* Begin PBXTargetDependency section */
		3C08DD4526B1A5EE00C5FECB /* PBXTargetDependency */ = {
			isa = PBXTargetDependency;
			target = 3C2DA54F26AF05BC00A2C734 /* SnipProject */;
			targetProxy = 3C08DD4426B1A5EE00C5FECB /* PBXContainerItemProxy */;
		};
		3CE4E97526B8803400A63D69 /* PBXTargetDependency */ = {
			isa = PBXTargetDependency;
			target = 3CE4E96E26B8803400A63D69 /* Service */;
			targetProxy = 3CE4E97426B8803400A63D69 /* PBXContainerItemProxy */;
		};
		3CE4E98C26B8803F00A63D69 /* PBXTargetDependency */ = {
			isa = PBXTargetDependency;
			target = 3CE4E97D26B8803F00A63D69 /* Content */;
			targetProxy = 3CE4E98B26B8803F00A63D69 /* PBXContainerItemProxy */;
		};
/* End PBXTargetDependency section */

/* Begin PBXVariantGroup section */
		3C2DA55926AF05BC00A2C734 /* Main.storyboard */ = {
			isa = PBXVariantGroup;
			children = (
				3C2DA55A26AF05BC00A2C734 /* Base */,
			);
			name = Main.storyboard;
			sourceTree = "<group>";
		};
		3C2DA55E26AF05BF00A2C734 /* LaunchScreen.storyboard */ = {
			isa = PBXVariantGroup;
			children = (
				3C2DA55F26AF05BF00A2C734 /* Base */,
			);
			name = LaunchScreen.storyboard;
			sourceTree = "<group>";
		};
		3CE4E98726B8803F00A63D69 /* MainInterface.storyboard */ = {
			isa = PBXVariantGroup;
			children = (
				3CE4E98826B8803F00A63D69 /* Base */,
			);
			name = MainInterface.storyboard;
			sourceTree = "<group>";
		};
/* End PBXVariantGroup section */

/* Begin XCBuildConfiguration section */
		3C08DD4726B1A5EE00C5FECB /* Debug */ = {
			isa = XCBuildConfiguration;
			buildSettings = {
				BUNDLE_LOADER = "$(TEST_HOST)";
				CODE_SIGN_STYLE = Automatic;
				DEVELOPMENT_TEAM = RQAE768Z9N;
				INFOPLIST_FILE = SnipProjectTests/Info.plist;
				LD_RUNPATH_SEARCH_PATHS = (
					"$(inherited)",
					"@executable_path/Frameworks",
					"@loader_path/Frameworks",
				);
				PRODUCT_BUNDLE_IDENTIFIER = com.SamuelA.SnipProjectTests;
				PRODUCT_NAME = "$(TARGET_NAME)";
				SWIFT_VERSION = 5.0;
				TARGETED_DEVICE_FAMILY = "1,2";
				TEST_HOST = "$(BUILT_PRODUCTS_DIR)/SnipProject.app/SnipProject";
			};
			name = Debug;
		};
		3C08DD4826B1A5EE00C5FECB /* Release */ = {
			isa = XCBuildConfiguration;
			buildSettings = {
				BUNDLE_LOADER = "$(TEST_HOST)";
				CODE_SIGN_STYLE = Automatic;
				DEVELOPMENT_TEAM = RQAE768Z9N;
				INFOPLIST_FILE = SnipProjectTests/Info.plist;
				LD_RUNPATH_SEARCH_PATHS = (
					"$(inherited)",
					"@executable_path/Frameworks",
					"@loader_path/Frameworks",
				);
				PRODUCT_BUNDLE_IDENTIFIER = com.SamuelA.SnipProjectTests;
				PRODUCT_NAME = "$(TARGET_NAME)";
				SWIFT_VERSION = 5.0;
				TARGETED_DEVICE_FAMILY = "1,2";
				TEST_HOST = "$(BUILT_PRODUCTS_DIR)/SnipProject.app/SnipProject";
			};
			name = Release;
		};
		3C2DA56226AF05BF00A2C734 /* Debug */ = {
			isa = XCBuildConfiguration;
			buildSettings = {
				ALWAYS_SEARCH_USER_PATHS = NO;
				CLANG_ANALYZER_NONNULL = YES;
				CLANG_ANALYZER_NUMBER_OBJECT_CONVERSION = YES_AGGRESSIVE;
				CLANG_CXX_LANGUAGE_STANDARD = "gnu++14";
				CLANG_CXX_LIBRARY = "libc++";
				CLANG_ENABLE_MODULES = YES;
				CLANG_ENABLE_OBJC_ARC = YES;
				CLANG_ENABLE_OBJC_WEAK = YES;
				CLANG_WARN_BLOCK_CAPTURE_AUTORELEASING = YES;
				CLANG_WARN_BOOL_CONVERSION = YES;
				CLANG_WARN_COMMA = YES;
				CLANG_WARN_CONSTANT_CONVERSION = YES;
				CLANG_WARN_DEPRECATED_OBJC_IMPLEMENTATIONS = YES;
				CLANG_WARN_DIRECT_OBJC_ISA_USAGE = YES_ERROR;
				CLANG_WARN_DOCUMENTATION_COMMENTS = YES;
				CLANG_WARN_EMPTY_BODY = YES;
				CLANG_WARN_ENUM_CONVERSION = YES;
				CLANG_WARN_INFINITE_RECURSION = YES;
				CLANG_WARN_INT_CONVERSION = YES;
				CLANG_WARN_NON_LITERAL_NULL_CONVERSION = YES;
				CLANG_WARN_OBJC_IMPLICIT_RETAIN_SELF = YES;
				CLANG_WARN_OBJC_LITERAL_CONVERSION = YES;
				CLANG_WARN_OBJC_ROOT_CLASS = YES_ERROR;
				CLANG_WARN_QUOTED_INCLUDE_IN_FRAMEWORK_HEADER = YES;
				CLANG_WARN_RANGE_LOOP_ANALYSIS = YES;
				CLANG_WARN_STRICT_PROTOTYPES = YES;
				CLANG_WARN_SUSPICIOUS_MOVE = YES;
				CLANG_WARN_UNGUARDED_AVAILABILITY = YES_AGGRESSIVE;
				CLANG_WARN_UNREACHABLE_CODE = YES;
				CLANG_WARN__DUPLICATE_METHOD_MATCH = YES;
				COPY_PHASE_STRIP = NO;
				DEBUG_INFORMATION_FORMAT = dwarf;
				ENABLE_STRICT_OBJC_MSGSEND = YES;
				ENABLE_TESTABILITY = YES;
				GCC_C_LANGUAGE_STANDARD = gnu11;
				GCC_DYNAMIC_NO_PIC = NO;
				GCC_NO_COMMON_BLOCKS = YES;
				GCC_OPTIMIZATION_LEVEL = 0;
				GCC_PREPROCESSOR_DEFINITIONS = (
					"DEBUG=1",
					"$(inherited)",
				);
				GCC_WARN_64_TO_32_BIT_CONVERSION = YES;
				GCC_WARN_ABOUT_RETURN_TYPE = YES_ERROR;
				GCC_WARN_UNDECLARED_SELECTOR = YES;
				GCC_WARN_UNINITIALIZED_AUTOS = YES_AGGRESSIVE;
				GCC_WARN_UNUSED_FUNCTION = YES;
				GCC_WARN_UNUSED_VARIABLE = YES;
				IPHONEOS_DEPLOYMENT_TARGET = 14.5;
				MTL_ENABLE_DEBUG_INFO = INCLUDE_SOURCE;
				MTL_FAST_MATH = YES;
				ONLY_ACTIVE_ARCH = YES;
				SDKROOT = iphoneos;
				SWIFT_ACTIVE_COMPILATION_CONDITIONS = DEBUG;
				SWIFT_OPTIMIZATION_LEVEL = "-Onone";
			};
			name = Debug;
		};
		3C2DA56326AF05BF00A2C734 /* Release */ = {
			isa = XCBuildConfiguration;
			buildSettings = {
				ALWAYS_SEARCH_USER_PATHS = NO;
				CLANG_ANALYZER_NONNULL = YES;
				CLANG_ANALYZER_NUMBER_OBJECT_CONVERSION = YES_AGGRESSIVE;
				CLANG_CXX_LANGUAGE_STANDARD = "gnu++14";
				CLANG_CXX_LIBRARY = "libc++";
				CLANG_ENABLE_MODULES = YES;
				CLANG_ENABLE_OBJC_ARC = YES;
				CLANG_ENABLE_OBJC_WEAK = YES;
				CLANG_WARN_BLOCK_CAPTURE_AUTORELEASING = YES;
				CLANG_WARN_BOOL_CONVERSION = YES;
				CLANG_WARN_COMMA = YES;
				CLANG_WARN_CONSTANT_CONVERSION = YES;
				CLANG_WARN_DEPRECATED_OBJC_IMPLEMENTATIONS = YES;
				CLANG_WARN_DIRECT_OBJC_ISA_USAGE = YES_ERROR;
				CLANG_WARN_DOCUMENTATION_COMMENTS = YES;
				CLANG_WARN_EMPTY_BODY = YES;
				CLANG_WARN_ENUM_CONVERSION = YES;
				CLANG_WARN_INFINITE_RECURSION = YES;
				CLANG_WARN_INT_CONVERSION = YES;
				CLANG_WARN_NON_LITERAL_NULL_CONVERSION = YES;
				CLANG_WARN_OBJC_IMPLICIT_RETAIN_SELF = YES;
				CLANG_WARN_OBJC_LITERAL_CONVERSION = YES;
				CLANG_WARN_OBJC_ROOT_CLASS = YES_ERROR;
				CLANG_WARN_QUOTED_INCLUDE_IN_FRAMEWORK_HEADER = YES;
				CLANG_WARN_RANGE_LOOP_ANALYSIS = YES;
				CLANG_WARN_STRICT_PROTOTYPES = YES;
				CLANG_WARN_SUSPICIOUS_MOVE = YES;
				CLANG_WARN_UNGUARDED_AVAILABILITY = YES_AGGRESSIVE;
				CLANG_WARN_UNREACHABLE_CODE = YES;
				CLANG_WARN__DUPLICATE_METHOD_MATCH = YES;
				COPY_PHASE_STRIP = NO;
				DEBUG_INFORMATION_FORMAT = "dwarf-with-dsym";
				ENABLE_NS_ASSERTIONS = NO;
				ENABLE_STRICT_OBJC_MSGSEND = YES;
				GCC_C_LANGUAGE_STANDARD = gnu11;
				GCC_NO_COMMON_BLOCKS = YES;
				GCC_WARN_64_TO_32_BIT_CONVERSION = YES;
				GCC_WARN_ABOUT_RETURN_TYPE = YES_ERROR;
				GCC_WARN_UNDECLARED_SELECTOR = YES;
				GCC_WARN_UNINITIALIZED_AUTOS = YES_AGGRESSIVE;
				GCC_WARN_UNUSED_FUNCTION = YES;
				GCC_WARN_UNUSED_VARIABLE = YES;
				IPHONEOS_DEPLOYMENT_TARGET = 14.5;
				MTL_ENABLE_DEBUG_INFO = NO;
				MTL_FAST_MATH = YES;
				SDKROOT = iphoneos;
				SWIFT_COMPILATION_MODE = wholemodule;
				SWIFT_OPTIMIZATION_LEVEL = "-O";
				VALIDATE_PRODUCT = YES;
			};
			name = Release;
		};
		3C2DA56526AF05BF00A2C734 /* Debug */ = {
			isa = XCBuildConfiguration;
			buildSettings = {
				ALWAYS_EMBED_SWIFT_STANDARD_LIBRARIES = YES;
				ASSETCATALOG_COMPILER_APPICON_NAME = AppIcon;
				ASSETCATALOG_COMPILER_GLOBAL_ACCENT_COLOR_NAME = AccentColor;
				CODE_SIGN_ENTITLEMENTS = SnipProject/SnipProject.entitlements;
				CODE_SIGN_IDENTITY = "Apple Development";
				CODE_SIGN_STYLE = Automatic;
				CURRENT_PROJECT_VERSION = 3;
				DEVELOPMENT_TEAM = RQAE768Z9N;
				INFOPLIST_FILE = SnipProject/Info.plist;
				LD_RUNPATH_SEARCH_PATHS = (
					"$(inherited)",
					"@executable_path/Frameworks",
				);
				MARKETING_VERSION = 1.0;
				PRODUCT_BUNDLE_IDENTIFIER = com.SamuelA.SnipProject;
				PRODUCT_NAME = "$(TARGET_NAME)";
				PROVISIONING_PROFILE_SPECIFIER = "";
				SWIFT_VERSION = 5.0;
				TARGETED_DEVICE_FAMILY = 1;
			};
			name = Debug;
		};
		3C2DA56626AF05BF00A2C734 /* Release */ = {
			isa = XCBuildConfiguration;
			buildSettings = {
				ALWAYS_EMBED_SWIFT_STANDARD_LIBRARIES = YES;
				ASSETCATALOG_COMPILER_APPICON_NAME = AppIcon;
				ASSETCATALOG_COMPILER_GLOBAL_ACCENT_COLOR_NAME = AccentColor;
				CODE_SIGN_ENTITLEMENTS = SnipProject/SnipProject.entitlements;
				CODE_SIGN_IDENTITY = "Apple Development";
				CODE_SIGN_STYLE = Automatic;
				CURRENT_PROJECT_VERSION = 3;
				DEVELOPMENT_TEAM = RQAE768Z9N;
				INFOPLIST_FILE = SnipProject/Info.plist;
				LD_RUNPATH_SEARCH_PATHS = (
					"$(inherited)",
					"@executable_path/Frameworks",
				);
				MARKETING_VERSION = 1.0;
				PRODUCT_BUNDLE_IDENTIFIER = com.SamuelA.SnipProject;
				PRODUCT_NAME = "$(TARGET_NAME)";
				PROVISIONING_PROFILE_SPECIFIER = "";
				SWIFT_VERSION = 5.0;
				TARGETED_DEVICE_FAMILY = 1;
			};
			name = Release;
		};
		3CE4E97826B8803400A63D69 /* Debug */ = {
			isa = XCBuildConfiguration;
			buildSettings = {
				CODE_SIGN_IDENTITY = "iPhone Developer";
				CODE_SIGN_STYLE = Automatic;
				CURRENT_PROJECT_VERSION = 3;
				DEVELOPMENT_TEAM = RQAE768Z9N;
				INFOPLIST_FILE = Service/Info.plist;
				LD_RUNPATH_SEARCH_PATHS = (
					"$(inherited)",
					"@executable_path/Frameworks",
					"@executable_path/../../Frameworks",
				);
				PRODUCT_BUNDLE_IDENTIFIER = com.SamuelA.SnipProject.Service;
				PRODUCT_NAME = "$(TARGET_NAME)";
				SKIP_INSTALL = YES;
				SWIFT_VERSION = 5.0;
				TARGETED_DEVICE_FAMILY = "1,2";
			};
			name = Debug;
		};
		3CE4E97926B8803400A63D69 /* Release */ = {
			isa = XCBuildConfiguration;
			buildSettings = {
				CODE_SIGN_IDENTITY = "iPhone Developer";
				CODE_SIGN_STYLE = Automatic;
				CURRENT_PROJECT_VERSION = 3;
				DEVELOPMENT_TEAM = RQAE768Z9N;
				INFOPLIST_FILE = Service/Info.plist;
				LD_RUNPATH_SEARCH_PATHS = (
					"$(inherited)",
					"@executable_path/Frameworks",
					"@executable_path/../../Frameworks",
				);
				PRODUCT_BUNDLE_IDENTIFIER = com.SamuelA.SnipProject.Service;
				PRODUCT_NAME = "$(TARGET_NAME)";
				SKIP_INSTALL = YES;
				SWIFT_VERSION = 5.0;
				TARGETED_DEVICE_FAMILY = "1,2";
			};
			name = Release;
		};
		3CE4E98F26B8803F00A63D69 /* Debug */ = {
			isa = XCBuildConfiguration;
			buildSettings = {
				CODE_SIGN_IDENTITY = "iPhone Developer";
				CODE_SIGN_STYLE = Automatic;
				CURRENT_PROJECT_VERSION = 3;
				DEVELOPMENT_ASSET_PATHS = Service/NotificationService.swift;
				DEVELOPMENT_TEAM = RQAE768Z9N;
				INFOPLIST_FILE = Content/Info.plist;
				LD_RUNPATH_SEARCH_PATHS = (
					"$(inherited)",
					"@executable_path/Frameworks",
					"@executable_path/../../Frameworks",
				);
				PRODUCT_BUNDLE_IDENTIFIER = com.SamuelA.SnipProject.Content;
				PRODUCT_NAME = "$(TARGET_NAME)";
				SKIP_INSTALL = YES;
				SWIFT_VERSION = 5.0;
				TARGETED_DEVICE_FAMILY = "1,2";
			};
			name = Debug;
		};
		3CE4E99026B8803F00A63D69 /* Release */ = {
			isa = XCBuildConfiguration;
			buildSettings = {
				CODE_SIGN_IDENTITY = "iPhone Developer";
				CODE_SIGN_STYLE = Automatic;
				CURRENT_PROJECT_VERSION = 3;
				DEVELOPMENT_ASSET_PATHS = Service/NotificationService.swift;
				DEVELOPMENT_TEAM = RQAE768Z9N;
				INFOPLIST_FILE = Content/Info.plist;
				LD_RUNPATH_SEARCH_PATHS = (
					"$(inherited)",
					"@executable_path/Frameworks",
					"@executable_path/../../Frameworks",
				);
				PRODUCT_BUNDLE_IDENTIFIER = com.SamuelA.SnipProject.Content;
				PRODUCT_NAME = "$(TARGET_NAME)";
				SKIP_INSTALL = YES;
				SWIFT_VERSION = 5.0;
				TARGETED_DEVICE_FAMILY = "1,2";
			};
			name = Release;
		};
/* End XCBuildConfiguration section */

/* Begin XCConfigurationList section */
		3C08DD4626B1A5EE00C5FECB /* Build configuration list for PBXNativeTarget "SnipProjectTests" */ = {
			isa = XCConfigurationList;
			buildConfigurations = (
				3C08DD4726B1A5EE00C5FECB /* Debug */,
				3C08DD4826B1A5EE00C5FECB /* Release */,
			);
			defaultConfigurationIsVisible = 0;
			defaultConfigurationName = Release;
		};
		3C2DA54B26AF05BC00A2C734 /* Build configuration list for PBXProject "SnipProject" */ = {
			isa = XCConfigurationList;
			buildConfigurations = (
				3C2DA56226AF05BF00A2C734 /* Debug */,
				3C2DA56326AF05BF00A2C734 /* Release */,
			);
			defaultConfigurationIsVisible = 0;
			defaultConfigurationName = Release;
		};
		3C2DA56426AF05BF00A2C734 /* Build configuration list for PBXNativeTarget "SnipProject" */ = {
			isa = XCConfigurationList;
			buildConfigurations = (
				3C2DA56526AF05BF00A2C734 /* Debug */,
				3C2DA56626AF05BF00A2C734 /* Release */,
			);
			defaultConfigurationIsVisible = 0;
			defaultConfigurationName = Release;
		};
		3CE4E97726B8803400A63D69 /* Build configuration list for PBXNativeTarget "Service" */ = {
			isa = XCConfigurationList;
			buildConfigurations = (
				3CE4E97826B8803400A63D69 /* Debug */,
				3CE4E97926B8803400A63D69 /* Release */,
			);
			defaultConfigurationIsVisible = 0;
			defaultConfigurationName = Release;
		};
		3CE4E98E26B8803F00A63D69 /* Build configuration list for PBXNativeTarget "Content" */ = {
			isa = XCConfigurationList;
			buildConfigurations = (
				3CE4E98F26B8803F00A63D69 /* Debug */,
				3CE4E99026B8803F00A63D69 /* Release */,
			);
			defaultConfigurationIsVisible = 0;
			defaultConfigurationName = Release;
		};
/* End XCConfigurationList section */

/* Begin XCRemoteSwiftPackageReference section */
		3C13B60D26BC88A2008F44AB /* XCRemoteSwiftPackageReference "firebase-ios-sdk" */ = {
			isa = XCRemoteSwiftPackageReference;
			repositoryURL = "https://github.com/firebase/firebase-ios-sdk.git";
			requirement = {
				kind = upToNextMajorVersion;
				minimumVersion = 8.5.0;
			};
		};
/* End XCRemoteSwiftPackageReference section */

/* Begin XCSwiftPackageProductDependency section */
		3C13B60E26BC88A2008F44AB /* FirebaseAnalytics */ = {
			isa = XCSwiftPackageProductDependency;
			package = 3C13B60D26BC88A2008F44AB /* XCRemoteSwiftPackageReference "firebase-ios-sdk" */;
			productName = FirebaseAnalytics;
		};
		3C13B61026BC88A2008F44AB /* FirebaseAuth */ = {
			isa = XCSwiftPackageProductDependency;
			package = 3C13B60D26BC88A2008F44AB /* XCRemoteSwiftPackageReference "firebase-ios-sdk" */;
			productName = FirebaseAuth;
		};
		3C13B61226BC88A2008F44AB /* FirebaseFirestore */ = {
			isa = XCSwiftPackageProductDependency;
			package = 3C13B60D26BC88A2008F44AB /* XCRemoteSwiftPackageReference "firebase-ios-sdk" */;
			productName = FirebaseFirestore;
		};
/* End XCSwiftPackageProductDependency section */
	};
	rootObject = 3C2DA54826AF05BC00A2C734 /* Project object */;
}
